// !$*UTF8*$!
{
	archiveVersion = 1;
	classes = {
	};
	objectVersion = 50;
	objects = {

/* Begin PBXBuildFile section */
		425BD066266AADC40024F416 /* AppDelegate.swift in Sources */ = {isa = PBXBuildFile; fileRef = 425BD065266AADC40024F416 /* AppDelegate.swift */; };
		425BD068266AADC40024F416 /* SceneDelegate.swift in Sources */ = {isa = PBXBuildFile; fileRef = 425BD067266AADC40024F416 /* SceneDelegate.swift */; };
		425BD06A266AADC40024F416 /* ViewController.swift in Sources */ = {isa = PBXBuildFile; fileRef = 425BD069266AADC40024F416 /* ViewController.swift */; };
		425BD06D266AADC40024F416 /* Main.storyboard in Resources */ = {isa = PBXBuildFile; fileRef = 425BD06B266AADC40024F416 /* Main.storyboard */; };
		425BD06F266AADC70024F416 /* Assets.xcassets in Resources */ = {isa = PBXBuildFile; fileRef = 425BD06E266AADC70024F416 /* Assets.xcassets */; };
		425BD072266AADC70024F416 /* LaunchScreen.storyboard in Resources */ = {isa = PBXBuildFile; fileRef = 425BD070266AADC70024F416 /* LaunchScreen.storyboard */; };
		425BD081266AAF590024F416 /* DeeplinkParser.swift in Sources */ = {isa = PBXBuildFile; fileRef = 425BD080266AAF590024F416 /* DeeplinkParser.swift */; };
		425BD085266AAFAC0024F416 /* DeeplinkType.swift in Sources */ = {isa = PBXBuildFile; fileRef = 425BD084266AAFAC0024F416 /* DeeplinkType.swift */; };
		42C8A331266D03D600EFB757 /* DeeplinkManager.swift in Sources */ = {isa = PBXBuildFile; fileRef = 42C8A330266D03D600EFB757 /* DeeplinkManager.swift */; };
/* End PBXBuildFile section */

/* Begin PBXFileReference section */
		425BD062266AADC40024F416 /* DeepLinkPDP.app */ = {isa = PBXFileReference; explicitFileType = wrapper.application; includeInIndex = 0; path = DeepLinkPDP.app; sourceTree = BUILT_PRODUCTS_DIR; };
		425BD065266AADC40024F416 /* AppDelegate.swift */ = {isa = PBXFileReference; lastKnownFileType = sourcecode.swift; path = AppDelegate.swift; sourceTree = "<group>"; };
		425BD067266AADC40024F416 /* SceneDelegate.swift */ = {isa = PBXFileReference; lastKnownFileType = sourcecode.swift; path = SceneDelegate.swift; sourceTree = "<group>"; };
		425BD069266AADC40024F416 /* ViewController.swift */ = {isa = PBXFileReference; lastKnownFileType = sourcecode.swift; path = ViewController.swift; sourceTree = "<group>"; };
		425BD06C266AADC40024F416 /* Base */ = {isa = PBXFileReference; lastKnownFileType = file.storyboard; name = Base; path = Base.lproj/Main.storyboard; sourceTree = "<group>"; };
		425BD06E266AADC70024F416 /* Assets.xcassets */ = {isa = PBXFileReference; lastKnownFileType = folder.assetcatalog; path = Assets.xcassets; sourceTree = "<group>"; };
		425BD071266AADC70024F416 /* Base */ = {isa = PBXFileReference; lastKnownFileType = file.storyboard; name = Base; path = Base.lproj/LaunchScreen.storyboard; sourceTree = "<group>"; };
		425BD073266AADC70024F416 /* Info.plist */ = {isa = PBXFileReference; lastKnownFileType = text.plist.xml; path = Info.plist; sourceTree = "<group>"; };
		425BD080266AAF590024F416 /* DeeplinkParser.swift */ = {isa = PBXFileReference; lastKnownFileType = sourcecode.swift; path = DeeplinkParser.swift; sourceTree = "<group>"; };
		425BD084266AAFAC0024F416 /* DeeplinkType.swift */ = {isa = PBXFileReference; lastKnownFileType = sourcecode.swift; path = DeeplinkType.swift; sourceTree = "<group>"; };
		42C8A330266D03D600EFB757 /* DeeplinkManager.swift */ = {isa = PBXFileReference; lastKnownFileType = sourcecode.swift; path = DeeplinkManager.swift; sourceTree = "<group>"; };
/* End PBXFileReference section */

/* Begin PBXFrameworksBuildPhase section */
		425BD05F266AADC40024F416 /* Frameworks */ = {
			isa = PBXFrameworksBuildPhase;
			buildActionMask = 2147483647;
			files = (
			);
			runOnlyForDeploymentPostprocessing = 0;
		};
/* End PBXFrameworksBuildPhase section */

/* Begin PBXGroup section */
		425BD059266AADC40024F416 = {
			isa = PBXGroup;
			children = (
				425BD064266AADC40024F416 /* DeepLinkPDP */,
				425BD063266AADC40024F416 /* Products */,
			);
			sourceTree = "<group>";
		};
		425BD063266AADC40024F416 /* Products */ = {
			isa = PBXGroup;
			children = (
				425BD062266AADC40024F416 /* DeepLinkPDP.app */,
			);
			name = Products;
			sourceTree = "<group>";
		};
		425BD064266AADC40024F416 /* DeepLinkPDP */ = {
			isa = PBXGroup;
			children = (
				425BD06B266AADC40024F416 /* Main.storyboard */,
				425BD07F266AAF430024F416 /* Parsers */,
				425BD07E266AAF380024F416 /* Managers */,
				425BD07D266AAEDA0024F416 /* Controllers */,
				425BD07B266AAECD0024F416 /* Models */,
				425BD065266AADC40024F416 /* AppDelegate.swift */,
				425BD067266AADC40024F416 /* SceneDelegate.swift */,
				425BD06E266AADC70024F416 /* Assets.xcassets */,
				425BD070266AADC70024F416 /* LaunchScreen.storyboard */,
				425BD073266AADC70024F416 /* Info.plist */,
			);
			path = DeepLinkPDP;
			sourceTree = "<group>";
		};
		425BD07B266AAECD0024F416 /* Models */ = {
			isa = PBXGroup;
			children = (
				425BD083266AAF9A0024F416 /* Enums */,
			);
			path = Models;
			sourceTree = "<group>";
		};
		425BD07D266AAEDA0024F416 /* Controllers */ = {
			isa = PBXGroup;
			children = (
				425BD069266AADC40024F416 /* ViewController.swift */,
			);
			path = Controllers;
			sourceTree = "<group>";
		};
		425BD07E266AAF380024F416 /* Managers */ = {
			isa = PBXGroup;
			children = (
				42C8A330266D03D600EFB757 /* DeeplinkManager.swift */,
			);
			path = Managers;
			sourceTree = "<group>";
		};
		425BD07F266AAF430024F416 /* Parsers */ = {
			isa = PBXGroup;
			children = (
				425BD080266AAF590024F416 /* DeeplinkParser.swift */,
			);
			path = Parsers;
			sourceTree = "<group>";
		};
		425BD083266AAF9A0024F416 /* Enums */ = {
			isa = PBXGroup;
			children = (
				425BD084266AAFAC0024F416 /* DeeplinkType.swift */,
			);
			path = Enums;
			sourceTree = "<group>";
		};
/* End PBXGroup section */

/* Begin PBXNativeTarget section */
		425BD061266AADC40024F416 /* DeepLinkPDP */ = {
			isa = PBXNativeTarget;
			buildConfigurationList = 425BD076266AADC70024F416 /* Build configuration list for PBXNativeTarget "DeepLinkPDP" */;
			buildPhases = (
				425BD05E266AADC40024F416 /* Sources */,
				425BD05F266AADC40024F416 /* Frameworks */,
				425BD060266AADC40024F416 /* Resources */,
			);
			buildRules = (
			);
			dependencies = (
			);
			name = DeepLinkPDP;
			productName = DeepLinkPDP;
			productReference = 425BD062266AADC40024F416 /* DeepLinkPDP.app */;
			productType = "com.apple.product-type.application";
		};
/* End PBXNativeTarget section */

/* Begin PBXProject section */
		425BD05A266AADC40024F416 /* Project object */ = {
			isa = PBXProject;
			attributes = {
				LastSwiftUpdateCheck = 1240;
				LastUpgradeCheck = 1240;
				TargetAttributes = {
					425BD061266AADC40024F416 = {
						CreatedOnToolsVersion = 12.4;
					};
				};
			};
			buildConfigurationList = 425BD05D266AADC40024F416 /* Build configuration list for PBXProject "DeepLinkPDP" */;
			compatibilityVersion = "Xcode 9.3";
			developmentRegion = en;
			hasScannedForEncodings = 0;
			knownRegions = (
				en,
				Base,
			);
			mainGroup = 425BD059266AADC40024F416;
			productRefGroup = 425BD063266AADC40024F416 /* Products */;
			projectDirPath = "";
			projectRoot = "";
			targets = (
				425BD061266AADC40024F416 /* DeepLinkPDP */,
			);
		};
/* End PBXProject section */

/* Begin PBXResourcesBuildPhase section */
		425BD060266AADC40024F416 /* Resources */ = {
			isa = PBXResourcesBuildPhase;
			buildActionMask = 2147483647;
			files = (
				425BD072266AADC70024F416 /* LaunchScreen.storyboard in Resources */,
				425BD06F266AADC70024F416 /* Assets.xcassets in Resources */,
				425BD06D266AADC40024F416 /* Main.storyboard in Resources */,
			);
			runOnlyForDeploymentPostprocessing = 0;
		};
/* End PBXResourcesBuildPhase section */

/* Begin PBXSourcesBuildPhase section */
		425BD05E266AADC40024F416 /* Sources */ = {
			isa = PBXSourcesBuildPhase;
			buildActionMask = 2147483647;
			files = (
				425BD081266AAF590024F416 /* DeeplinkParser.swift in Sources */,
				425BD085266AAFAC0024F416 /* DeeplinkType.swift in Sources */,
				425BD06A266AADC40024F416 /* ViewController.swift in Sources */,
				42C8A331266D03D600EFB757 /* DeeplinkManager.swift in Sources */,
				425BD066266AADC40024F416 /* AppDelegate.swift in Sources */,
				425BD068266AADC40024F416 /* SceneDelegate.swift in Sources */,
			);
			runOnlyForDeploymentPostprocessing = 0;
		};
/* End PBXSourcesBuildPhase section */

/* Begin PBXVariantGroup section */
		425BD06B266AADC40024F416 /* Main.storyboard */ = {
			isa = PBXVariantGroup;
			children = (
				425BD06C266AADC40024F416 /* Base */,
			);
			name = Main.storyboard;
			sourceTree = "<group>";
		};
		425BD070266AADC70024F416 /* LaunchScreen.storyboard */ = {
			isa = PBXVariantGroup;
			children = (
				425BD071266AADC70024F416 /* Base */,
			);
			name = LaunchScreen.storyboard;
			sourceTree = "<group>";
		};
/* End PBXVariantGroup section */

/* Begin XCBuildConfiguration section */
		425BD074266AADC70024F416 /* Debug */ = {
			isa = XCBuildConfiguration;
			buildSettings = {
				ALWAYS_SEARCH_USER_PATHS = NO;
				CLANG_ANALYZER_NONNULL = YES;
				CLANG_ANALYZER_NUMBER_OBJECT_CONVERSION = YES_AGGRESSIVE;
				CLANG_CXX_LANGUAGE_STANDARD = "gnu++14";
				CLANG_CXX_LIBRARY = "libc++";
				CLANG_ENABLE_MODULES = YES;
				CLANG_ENABLE_OBJC_ARC = YES;
				CLANG_ENABLE_OBJC_WEAK = YES;
				CLANG_WARN_BLOCK_CAPTURE_AUTORELEASING = YES;
				CLANG_WARN_BOOL_CONVERSION = YES;
				CLANG_WARN_COMMA = YES;
				CLANG_WARN_CONSTANT_CONVERSION = YES;
				CLANG_WARN_DEPRECATED_OBJC_IMPLEMENTATIONS = YES;
				CLANG_WARN_DIRECT_OBJC_ISA_USAGE = YES_ERROR;
				CLANG_WARN_DOCUMENTATION_COMMENTS = YES;
				CLANG_WARN_EMPTY_BODY = YES;
				CLANG_WARN_ENUM_CONVERSION = YES;
				CLANG_WARN_INFINITE_RECURSION = YES;
				CLANG_WARN_INT_CONVERSION = YES;
				CLANG_WARN_NON_LITERAL_NULL_CONVERSION = YES;
				CLANG_WARN_OBJC_IMPLICIT_RETAIN_SELF = YES;
				CLANG_WARN_OBJC_LITERAL_CONVERSION = YES;
				CLANG_WARN_OBJC_ROOT_CLASS = YES_ERROR;
				CLANG_WARN_QUOTED_INCLUDE_IN_FRAMEWORK_HEADER = YES;
				CLANG_WARN_RANGE_LOOP_ANALYSIS = YES;
				CLANG_WARN_STRICT_PROTOTYPES = YES;
				CLANG_WARN_SUSPICIOUS_MOVE = YES;
				CLANG_WARN_UNGUARDED_AVAILABILITY = YES_AGGRESSIVE;
				CLANG_WARN_UNREACHABLE_CODE = YES;
				CLANG_WARN__DUPLICATE_METHOD_MATCH = YES;
				COPY_PHASE_STRIP = NO;
				DEBUG_INFORMATION_FORMAT = dwarf;
				ENABLE_STRICT_OBJC_MSGSEND = YES;
				ENABLE_TESTABILITY = YES;
				GCC_C_LANGUAGE_STANDARD = gnu11;
				GCC_DYNAMIC_NO_PIC = NO;
				GCC_NO_COMMON_BLOCKS = YES;
				GCC_OPTIMIZATION_LEVEL = 0;
				GCC_PREPROCESSOR_DEFINITIONS = (
					"DEBUG=1",
					"$(inherited)",
				);
				GCC_WARN_64_TO_32_BIT_CONVERSION = YES;
				GCC_WARN_ABOUT_RETURN_TYPE = YES_ERROR;
				GCC_WARN_UNDECLARED_SELECTOR = YES;
				GCC_WARN_UNINITIALIZED_AUTOS = YES_AGGRESSIVE;
				GCC_WARN_UNUSED_FUNCTION = YES;
				GCC_WARN_UNUSED_VARIABLE = YES;
				IPHONEOS_DEPLOYMENT_TARGET = 14.4;
				MTL_ENABLE_DEBUG_INFO = INCLUDE_SOURCE;
				MTL_FAST_MATH = YES;
				ONLY_ACTIVE_ARCH = YES;
				SDKROOT = iphoneos;
				SWIFT_ACTIVE_COMPILATION_CONDITIONS = DEBUG;
				SWIFT_OPTIMIZATION_LEVEL = "-Onone";
			};
			name = Debug;
		};
		425BD075266AADC70024F416 /* Release */ = {
			isa = XCBuildConfiguration;
			buildSettings = {
				ALWAYS_SEARCH_USER_PATHS = NO;
				CLANG_ANALYZER_NONNULL = YES;
				CLANG_ANALYZER_NUMBER_OBJECT_CONVERSION = YES_AGGRESSIVE;
				CLANG_CXX_LANGUAGE_STANDARD = "gnu++14";
				CLANG_CXX_LIBRARY = "libc++";
				CLANG_ENABLE_MODULES = YES;
				CLANG_ENABLE_OBJC_ARC = YES;
				CLANG_ENABLE_OBJC_WEAK = YES;
				CLANG_WARN_BLOCK_CAPTURE_AUTORELEASING = YES;
				CLANG_WARN_BOOL_CONVERSION = YES;
				CLANG_WARN_COMMA = YES;
				CLANG_WARN_CONSTANT_CONVERSION = YES;
				CLANG_WARN_DEPRECATED_OBJC_IMPLEMENTATIONS = YES;
				CLANG_WARN_DIRECT_OBJC_ISA_USAGE = YES_ERROR;
				CLANG_WARN_DOCUMENTATION_COMMENTS = YES;
				CLANG_WARN_EMPTY_BODY = YES;
				CLANG_WARN_ENUM_CONVERSION = YES;
				CLANG_WARN_INFINITE_RECURSION = YES;
				CLANG_WARN_INT_CONVERSION = YES;
				CLANG_WARN_NON_LITERAL_NULL_CONVERSION = YES;
				CLANG_WARN_OBJC_IMPLICIT_RETAIN_SELF = YES;
				CLANG_WARN_OBJC_LITERAL_CONVERSION = YES;
				CLANG_WARN_OBJC_ROOT_CLASS = YES_ERROR;
				CLANG_WARN_QUOTED_INCLUDE_IN_FRAMEWORK_HEADER = YES;
				CLANG_WARN_RANGE_LOOP_ANALYSIS = YES;
				CLANG_WARN_STRICT_PROTOTYPES = YES;
				CLANG_WARN_SUSPICIOUS_MOVE = YES;
				CLANG_WARN_UNGUARDED_AVAILABILITY = YES_AGGRESSIVE;
				CLANG_WARN_UNREACHABLE_CODE = YES;
				CLANG_WARN__DUPLICATE_METHOD_MATCH = YES;
				COPY_PHASE_STRIP = NO;
				DEBUG_INFORMATION_FORMAT = "dwarf-with-dsym";
				ENABLE_NS_ASSERTIONS = NO;
				ENABLE_STRICT_OBJC_MSGSEND = YES;
				GCC_C_LANGUAGE_STANDARD = gnu11;
				GCC_NO_COMMON_BLOCKS = YES;
				GCC_WARN_64_TO_32_BIT_CONVERSION = YES;
				GCC_WARN_ABOUT_RETURN_TYPE = YES_ERROR;
				GCC_WARN_UNDECLARED_SELECTOR = YES;
				GCC_WARN_UNINITIALIZED_AUTOS = YES_AGGRESSIVE;
				GCC_WARN_UNUSED_FUNCTION = YES;
				GCC_WARN_UNUSED_VARIABLE = YES;
				IPHONEOS_DEPLOYMENT_TARGET = 14.4;
				MTL_ENABLE_DEBUG_INFO = NO;
				MTL_FAST_MATH = YES;
				SDKROOT = iphoneos;
				SWIFT_COMPILATION_MODE = wholemodule;
				SWIFT_OPTIMIZATION_LEVEL = "-O";
				VALIDATE_PRODUCT = YES;
			};
			name = Release;
		};
		425BD077266AADC70024F416 /* Debug */ = {
			isa = XCBuildConfiguration;
			buildSettings = {
				ASSETCATALOG_COMPILER_APPICON_NAME = AppIcon;
				ASSETCATALOG_COMPILER_GLOBAL_ACCENT_COLOR_NAME = AccentColor;
				CODE_SIGN_STYLE = Automatic;
				DEVELOPMENT_TEAM = Y7B4QBPY6V;
				INFOPLIST_FILE = DeepLinkPDP/Info.plist;
				LD_RUNPATH_SEARCH_PATHS = (
					"$(inherited)",
					"@executable_path/Frameworks",
				);
				PRODUCT_BUNDLE_IDENTIFIER = com.dest.DeepLinkPDP;
				PRODUCT_NAME = "$(TARGET_NAME)";
				SWIFT_VERSION = 5.0;
				TARGETED_DEVICE_FAMILY = "1,2";
			};
			name = Debug;
		};
		425BD078266AADC70024F416 /* Release */ = {
			isa = XCBuildConfiguration;
			buildSettings = {
				ASSETCATALOG_COMPILER_APPICON_NAME = AppIcon;
				ASSETCATALOG_COMPILER_GLOBAL_ACCENT_COLOR_NAME = AccentColor;
				CODE_SIGN_STYLE = Automatic;
				DEVELOPMENT_TEAM = Y7B4QBPY6V;
				INFOPLIST_FILE = DeepLinkPDP/Info.plist;
				LD_RUNPATH_SEARCH_PATHS = (
					"$(inherited)",
					"@executable_path/Frameworks",
				);
				PRODUCT_BUNDLE_IDENTIFIER = com.dest.DeepLinkPDP;
				PRODUCT_NAME = "$(TARGET_NAME)";
				SWIFT_VERSION = 5.0;
				TARGETED_DEVICE_FAMILY = "1,2";
			};
			name = Release;
		};
/* End XCBuildConfiguration section */

/* Begin XCConfigurationList section */
		425BD05D266AADC40024F416 /* Build configuration list for PBXProject "DeepLinkPDP" */ = {
			isa = XCConfigurationList;
			buildConfigurations = (
				425BD074266AADC70024F416 /* Debug */,
				425BD075266AADC70024F416 /* Release */,
			);
			defaultConfigurationIsVisible = 0;
			defaultConfigurationName = Release;
		};
		425BD076266AADC70024F416 /* Build configuration list for PBXNativeTarget "DeepLinkPDP" */ = {
			isa = XCConfigurationList;
			buildConfigurations = (
				425BD077266AADC70024F416 /* Debug */,
				425BD078266AADC70024F416 /* Release */,
			);
			defaultConfigurationIsVisible = 0;
			defaultConfigurationName = Release;
		};
/* End XCConfigurationList section */
	};
	rootObject = 425BD05A266AADC40024F416 /* Project object */;
}
